github.com/AndreasBriese/bbloom v0.0.0-20180913140656-343706a395b7 h1:PqzgE6kAMi81xWQA2QIVxjWkFHptGgC547vchpUbtFo=
github.com/AndreasBriese/bbloom v0.0.0-20180913140656-343706a395b7/go.mod h1:bOvUY6CB00SOBii9/FifXqc0awNKxLFCL/+pkDPuyl8=
github.com/buger/jsonparser v0.0.0-20181115193947-bf1c66bbce23 h1:D21IyuvjDCshj1/qq+pCNd3VZOAEI9jy6Bi131YlXgI=
github.com/buger/jsonparser v0.0.0-20181115193947-bf1c66bbce23/go.mod h1:bbYlZJ7hK1yFx9hf58LP0zeX7UjIGs20ufpu3evjr+s=
github.com/cockroachdb/apd v1.1.0 h1:3LFP3629v+1aKXU5Q37mxmRxX/pIu1nijXydLShEq5I=
github.com/cockroachdb/apd v1.1.0/go.mod h1:8Sl8LxpKi29FqWXR16WEFZRNSz3SoPzUzeMeY4+DwBQ=
github.com/coreos/go-oidc v2.0.0+incompatible h1:+RStIopZ8wooMx+Vs5Bt8zMXxV1ABl5LbakNExNmZIg=
github.com/coreos/go-oidc v2.0.0+incompatible/go.mod h1:CgnwVTmzoESiwO9qyAFEMiHoZ1nMCKZlZ9V6mm3/LKc=
github.com/davecgh/go-spew v1.1.1 h1:vj9j/u1bqnvCEfJOwUhtlOARqs3+rkHYY13jYWTU97c=
github.com/davecgh/go-spew v1.1.1/go.mod h1:J7Y8YcW2NihsgmVo/mv3lAwl/skON4iLHjSsI+c5H38=
github.com/dgraph-io/badger v1.5.4 h1:gVTrpUTbbr/T24uvoCaqY2KSHfNLVGm0w+hbee2HMeg=
github.com/dgraph-io/badger v1.5.4/go.mod h1:VZxzAIRPHRVNRKRo6AXrX9BJegn6il06VMTZVJYCIjQ=
github.com/dgryski/go-farm v0.0.0-20180109070241-2de33835d102 h1:afESQBXJEnj3fu+34X//E8Wg3nEbMJxJkwSc0tPePK0=
github.com/dgryski/go-farm v0.0.0-20180109070241-2de33835d102/go.mod h1:SqUrOPUnsFjfmXRMNPybcSiG0BgUW2AuFH8PAnS2iTw=
github.com/felixge/httpsnoop v1.0.0 h1:gh8fMGz0rlOv/1WmRZm7OgncIOTsAj21iNJot48omJQ=
github.com/felixge/httpsnoop v1.0.0/go.mod h1:3+D9sFq0ahK/JeJPhCBUV1xlf4/eIYrUQaxulT0VzX8=
github.com/fernet/fernet-go v0.0.0-20180830025343-9eac43b88a5e h1:P10tZmVD2XclAaT9l7OduMH1OLFzTa1wUuUqHZnEdI0=
github.com/fernet/fernet-go v0.0.0-20180830025343-9eac43b88a5e/go.mod h1:2H9hjfbpSMHwY503FclkV/lZTBh2YlOmLLSda12uL8c=
github.com/francoispqt/gojay v0.0.0-20181220093123-f2cc13a668ca h1:F2BD6Vhei4w0rtm4eNpzylNsB07CcCbpYA+xlqMx3mA=
github.com/francoispqt/gojay v0.0.0-20181220093123-f2cc13a668ca/go.mod h1:H8Wgri1Asi1VevY3ySdpIK5+KCpqzToVswNq8g2xZj4=
github.com/francoispqt/gojay v0.0.0-20190117044300-106fcfa8bda0 h1:uBcHH1nuSsoKhhy+RFOumWyW3mlT0tQwDNgslh+Lx3c=
github.com/francoispqt/gojay v0.0.0-20190117044300-106fcfa8bda0/go.mod h1:H8Wgri1Asi1VevY3ySdpIK5+KCpqzToVswNq8g2xZj4=
github.com/golang/protobuf v1.2.0 h1:P3YflyNX/ehuJFLhxviNdFxQPkGK5cDcApsge1SqnvM=
github.com/golang/protobuf v1.2.0/go.mod h1:6lQm79b+lXiMfvg/cZm0SGofjICqVBUtrP5yJMmIC1U=
github.com/gomodule/redigo v2.0.1-0.20181213210501-02dc2736dbc3+incompatible h1:wJSYTZXnwLY9VhbnCLYqQyRuyHt+KCO2vDO0cjiDW/c=
github.com/gomodule/redigo v2.0.1-0.20181213210501-02dc2736dbc3+incompatible/go.mod h1:B4C85qUVwatsJoIUNIfCRsp7qO0iAmpGFZ4EELWSbC4=
github.com/jackc/fake v0.0.0-20150926172116-812a484cc733 h1:vr3AYkKovP8uR8AvSGGUK1IDqRa5lAAvEkZG1LKaCRc=
github.com/jackc/fake v0.0.0-20150926172116-812a484cc733/go.mod h1:WrMFNQdiFJ80sQsxDoMokWK1W5TQtxBFNpzWTD84ibQ=
github.com/jackc/pgx v3.3.0+incompatible h1:Wa90/+qsITBAPkAZjiByeIGHFcj3Ztu+VzrrIpHjL90=
github.com/jackc/pgx v3.3.0+incompatible/go.mod h1:0ZGrqGqkRlliWnWB4zKnWtjbSWbGkVEFm4TeybAXq+I=
github.com/json-iterator/go v1.1.5 h1:gL2yXlmiIo4+t+y32d4WGwOjKGYcGOuyrg46vadswDE=
github.com/json-iterator/go v1.1.5/go.mod h1:+SdeFBvtyEkXs7REEP0seUULqWtbJapLOCVDaaPEHmU=
github.com/kr/pretty v0.1.0 h1:L/CwN0zerZDmRFUapSPitk6f+Q3+0za1rQkzVuMiMFI=
github.com/kr/pretty v0.1.0/go.mod h1:dAy3ld7l9f0ibDNOQOHHMYYIIbhfbHSm3C4ZsoJORNo=
github.com/kr/pty v1.1.1/go.mod h1:pFQYn66WHrOpPYNljwOMqo10TkYh1fy3cYio2l3bCsQ=
github.com/kr/text v0.1.0 h1:45sCR5RtlFHMR4UwH9sdQ5TC8v0qDQCHnXt+kaKSTVE=
github.com/kr/text v0.1.0/go.mod h1:4Jbv+DJW3UT/LiOwJeYQe1efqtUx/iVham/4vfdArNI=
github.com/lestrrat/go-jwx v0.0.0-20180221005942-b7d4802280ae h1:XoMPFIGibcPKgLrgIxzif36Zs/2yOEeGYc/7nitjzNM=
github.com/lestrrat/go-jwx v0.0.0-20180221005942-b7d4802280ae/go.mod h1:T+yHdCP6MJKtzoVQMHvVCeam5VFwX1+rWzn5zZgKYMI=
github.com/lestrrat/go-pdebug v0.0.0-20180220043741-569c97477ae8 h1:ttJD8hTqvrPEUBoAG5hJKbDOJ84u7zmbnZsUL4V9430=
github.com/lestrrat/go-pdebug v0.0.0-20180220043741-569c97477ae8/go.mod h1:VXFH11P7fHn2iPBsfSW1JacR59rttTcafJnwYcI/IdY=
github.com/lib/pq v1.0.0 h1:X5PMW56eZitiTeO7tKzZxFCSpbFZJtkMMooicw2us9A=
github.com/lib/pq v1.0.0/go.mod h1:5WUZQaWbwv1U+lTReE5YruASi9Al49XbQIvNi/34Woo=
github.com/mattn/go-isatty v0.0.4 h1:bnP0vzxcAdeI1zdubAl5PjU6zsERjGZb7raWodagDYs=
github.com/mattn/go-isatty v0.0.4/go.mod h1:M+lRXTBqGeGNdLjl/ufCoiOlB5xdOkqRJdNxMWT7Zi4=
github.com/modern-go/concurrent v0.0.0-20180306012644-bacd9c7ef1dd h1:TRLaZ9cD/w8PVh93nsPXa1VrQ6jlwL5oN8l14QlcNfg=
github.com/modern-go/concurrent v0.0.0-20180306012644-bacd9c7ef1dd/go.mod h1:6dJC0mAP4ikYIbvyc7fijjWJddQyLn8Ig3JB5CqoB9Q=
github.com/modern-go/reflect2 v1.0.1 h1:9f412s+6RmYXLWZSEzVVgPGK7C2PphHj5RJrvfx9AWI=
github.com/modern-go/reflect2 v1.0.1/go.mod h1:bx2lNnkwVCuqBIxFjflWJWanXIb3RllmbCylyMrvgv0=
github.com/muesli/cache2go v0.0.0-20181026141944-493cbf51ac21 h1:cr+7NHTSx9G1h3DrnsWAPuEB0x2iZSe0lmoAUEey8Z8=
github.com/muesli/cache2go v0.0.0-20181026141944-493cbf51ac21/go.mod h1:414R+qZrt4f9S2TO/s6YVQMNAXR2KdwqQ7pW+O4oYzU=
github.com/pkg/errors v0.8.0 h1:WdK/asTD0HN+q6hsWO3/vpuAkAr+tw6aNJNDFFf0+qw=
github.com/pkg/errors v0.8.0/go.mod h1:bwawxfHBFNV+L2hUp1rHADufV3IMtnDRdf1r5NINEl0=
github.com/pmezard/go-difflib v1.0.0 h1:4DBwDE0NGyQoBHbLQYPwSUPoCMWR5BEzIk/f1lZbAQM=
github.com/pmezard/go-difflib v1.0.0/go.mod h1:iKH77koFhYxTK1pcRnkKkqfTogsbg7gZNVY4sRDYZ/4=
github.com/pquerna/cachecontrol v0.0.0-20180517163645-1555304b9b35 h1:J9b7z+QKAmPf4YLrFg6oQUotqHQeUNWwkvo7jZp1GLU=
github.com/pquerna/cachecontrol v0.0.0-20180517163645-1555304b9b35/go.mod h1:prYjPmNq4d1NPVmpShWobRqXY3q7Vp+80DqgxxUrUIA=
github.com/pquerna/ffjson v0.0.0-20181028064349-e517b90714f7 h1:gGBSHPOU7g8YjTbhwn+lvFm2VDEhhA+PwDIlstkgSxE=
github.com/pquerna/ffjson v0.0.0-20181028064349-e517b90714f7/go.mod h1:YARuvh7BUWHNhzDq2OM5tzR2RiCcN2D7sapiKyCel/M=
github.com/rs/zerolog v1.11.1-0.20190103190423-aa55558e4cb2 h1:qCVvAmMC2TCcG8DrMacMsjOAEcjVWo/ZUiTmNNFLuKg=
github.com/rs/zerolog v1.11.1-0.20190103190423-aa55558e4cb2/go.mod h1:YbFCdg8HfsridGWAh22vktObvhZbQsZXe4/zB0OKkWU=
github.com/satori/go.uuid v1.2.0 h1:0uYX9dsZ2yD7q2RtLRtPSdGDWzjeM3TbMJP9utgA0ww=
github.com/satori/go.uuid v1.2.0/go.mod h1:dA0hQrYB0VpLJoorglMZABFdXlWrHn1NEOzdhQKdks0=
github.com/shopspring/decimal v0.0.0-20180709203117-cd690d0c9e24 h1:pntxY8Ary0t43dCZ5dqY4YTJCObLY1kIXl0uzMv+7DE=
github.com/shopspring/decimal v0.0.0-20180709203117-cd690d0c9e24/go.mod h1:M+9NzErvs504Cn4c5DxATwIqPbtswREoFCre64PpcG4=
github.com/stretchr/testify v1.2.2 h1:bSDNvY7ZPG5RlJ8otE/7V6gMiyenm9RtJ7IUVIAoJ1w=
github.com/stretchr/testify v1.2.2/go.mod h1:a8OnRcib4nhh0OaRAV+Yts87kKdq0PP7pXfy6kDkUVs=
github.com/tidwall/gjson v1.1.3 h1:u4mspaByxY+Qk4U1QYYVzGFI8qxN/3jtEV0ZDb2vRic=
github.com/tidwall/gjson v1.1.3/go.mod h1:c/nTNbUr0E0OrXEhq1pwa8iEgc2DOt4ZZqAt1HtCkPA=
github.com/tidwall/gjson v1.1.5 h1:QysILxBeUEY3GTLA0fQVgkQG1zme8NxGvhh2SSqWNwI=
github.com/tidwall/gjson v1.1.5/go.mod h1:c/nTNbUr0E0OrXEhq1pwa8iEgc2DOt4ZZqAt1HtCkPA=
github.com/tidwall/match v0.0.0-20171002075945-1731857f09b1 h1:pWIN9LOlFRCJFqWIOEbHLvY0WWJddsjH2FQ6N0HKZdU=
github.com/tidwall/match v0.0.0-20171002075945-1731857f09b1/go.mod h1:LujAq0jyVjBy028G1WhWfIzbpQfMO8bBZ6Tyb0+pL9E=
github.com/valyala/fastjson v1.0.0 h1:dekaySeQ9d+6IICq1d8/31kh0mg+WgcMt1FaCv+xY/Y=
github.com/valyala/fastjson v1.0.0/go.mod h1:nV6MsjxL2IMJQUoHDIrjEI7oLyeqK6aBD7EFWPsvP8o=
github.com/wvh/uuid v0.0.0-20180305145759-746bc10d0c6f h1:pH8qIrpUmKeDs9IACmmnGO4eP7KtK27FM+MAJya5N3o=
github.com/wvh/uuid v0.0.0-20180305145759-746bc10d0c6f/go.mod h1:gWdULBDu6VEdU74wNio2Rn0hk2abmVGEU1l9DKrEdGQ=
golang.org/x/crypto v0.0.0-20181030102418-4d3f4d9ffa16 h1:y6ce7gCWtnH+m3dCjzQ1PCuwl28DDIc3VNnvY29DlIA=
golang.org/x/crypto v0.0.0-20181030102418-4d3f4d9ffa16/go.mod h1:6SG95UA2DQfeDnfUPMdvaQW0Q7yPrPDi9nlGo2tz2b4=
golang.org/x/net v0.0.0-20180724234803-3673e40ba225/go.mod h1:mL1N/T3taQHkDXs73rZJwtUhF3w3ftmwwsq0BUmARs4=
golang.org/x/net v0.0.0-20181106065722-10aee1819953 h1:LuZIitY8waaxUfNIdtajyE/YzA/zyf0YxXG27VpLrkg=
golang.org/x/net v0.0.0-20181106065722-10aee1819953/go.mod h1:mL1N/T3taQHkDXs73rZJwtUhF3w3ftmwwsq0BUmARs4=
golang.org/x/oauth2 v0.0.0-20181105165119-ca4130e427c7 h1:g9UOdtsRWEwHYUG2bDHMxKrvfSGE5epIX2HkaMHSMBY=
golang.org/x/oauth2 v0.0.0-20181105165119-ca4130e427c7/go.mod h1:N/0e6XlmueqKjAGxoOufVs8QHGRruUQn6yWY3a++T0U=
golang.org/x/sync v0.0.0-20180314180146-1d60e4601c6f h1:wMNYb4v58l5UBM7MYRLPG6ZhfOqbKu7X5eyFl8ZhKvA=
golang.org/x/sync v0.0.0-20180314180146-1d60e4601c6f/go.mod h1:RxMgew5VJxzue5/jJTE5uejpjVlOe/izrB70Jof72aM=
golang.org/x/sys v0.0.0-20181106073832-7155702f2d47 h1:jpuvBuBQe3SontqHcH6FOLtHI+yUQ3d75Q9t38Bxp0w=
golang.org/x/sys v0.0.0-20181106073832-7155702f2d47/go.mod h1:STP8DvDyc/dI5b8T5hshtkjS+E42TnysNCUPdjciGhY=
golang.org/x/text v0.3.0 h1:g61tztE5qeGQ89tm6NTjjM9VPIm088od1l6aSorWRWg=
golang.org/x/text v0.3.0/go.mod h1:NqM8EUOU14njkJ3fqMW+pc6Ldnwhi/IjpwHt7yyuwOQ=
google.golang.org/appengine v1.3.0 h1:FBSsiFRMz3LBeXIomRnVzrQwSDj4ibvcRexLG0LZGQk=
google.golang.org/appengine v1.3.0/go.mod h1:xpcJRLb0r/rnEns0DIKYYv+WjYCduHsrkT7/EB5XEv4=
gopkg.in/check.v1 v1.0.0-20180628173108-788fd7840127 h1:qIbj1fsPNlZgppZ+VLlY7N33q108Sa+fhmuc+sWQYwY=
gopkg.in/check.v1 v1.0.0-20180628173108-788fd7840127/go.mod h1:Co6ibVJAznAaIkqp8huTwlJQCZ016jof/cbN4VW5Yz0=
gopkg.in/square/go-jose.v2 v2.1.9 h1:YCFbL5T2gbmC2sMG12s1x2PAlTK5TZNte3hjZEIcCAg=
gopkg.in/square/go-jose.v2 v2.1.9/go.mod h1:M9dMgbHiYLoDGQrXy7OpJDJWiKiU//h+vD76mk0e1AI=
